
Microsoft Visual Studio Solution File, Format Version 12.00
# Visual Studio Version 17
VisualStudioVersion = 17.5.33516.290
MinimumVisualStudioVersion = 10.0.40219.1
Project("{9A19103F-16F7-4668-BE54-9A1E7A4F7556}") = "DaktariSasa1RazorPages", "DaktariSasa1RazorPages\DaktariSasa1RazorPages.csproj", "{51F33155-A1F5-4384-B1C2-79FA4EDACA67}"
EndProject
Global
	GlobalSection(SolutionConfigurationPlatforms) = preSolution
		Debug|Any CPU = Debug|Any CPU
		Release|Any CPU = Release|Any CPU
	EndGlobalSection
	GlobalSection(ProjectConfigurationPlatforms) = postSolution
		{51F33155-A1F5-4384-B1C2-79FA4EDACA67}.Debug|Any CPU.ActiveCfg = Debug|Any CPU
		{51F33155-A1F5-4384-B1C2-79FA4EDACA67}.Debug|Any CPU.Build.0 = Debug|Any CPU
		{51F33155-A1F5-4384-B1C2-79FA4EDACA67}.Release|Any CPU.ActiveCfg = Release|Any CPU
		{51F33155-A1F5-4384-B1C2-79FA4EDACA67}.Release|Any CPU.Build.0 = Release|Any CPU
	EndGlobalSection
	GlobalSection(SolutionProperties) = preSolution
		HideSolutionNode = FALSE
	EndGlobalSection
	GlobalSection(ExtensibilityGlobals) = postSolution
		SolutionGuid = {969FDAA0-646F-4310-8192-77335F61C82E}
	EndGlobalSection
EndGlobal
